
Microsoft Visual Studio Solution File, Format Version 12.00
# Visual Studio Version 16
VisualStudioVersion = 16.0.30128.74
MinimumVisualStudioVersion = 10.0.40219.1
Project("{9A19103F-16F7-4668-BE54-9A1E7A4F7556}") = "MinesfieldApplication", "MinesfieldApplication.csproj", "{6A66C0C1-F617-4B9A-A31B-13E636BB6F26}"
EndProject
Project("{FAE04EC0-301F-11D3-BF4B-00C04F79EFBC}") = "MinesfieldApplication.Tests", "..\MinesfieldApplication.Tests\MinesfieldApplication.Tests.csproj", "{9C73784D-6AC4-420A-8778-DD59158FF5F7}"
EndProject
Global
	GlobalSection(SolutionConfigurationPlatforms) = preSolution
		Debug|Any CPU = Debug|Any CPU
		Release|Any CPU = Release|Any CPU
	EndGlobalSection
	GlobalSection(ProjectConfigurationPlatforms) = postSolution
		{6A66C0C1-F617-4B9A-A31B-13E636BB6F26}.Debug|Any CPU.ActiveCfg = Debug|Any CPU
		{6A66C0C1-F617-4B9A-A31B-13E636BB6F26}.Debug|Any CPU.Build.0 = Debug|Any CPU
		{6A66C0C1-F617-4B9A-A31B-13E636BB6F26}.Release|Any CPU.ActiveCfg = Release|Any CPU
		{6A66C0C1-F617-4B9A-A31B-13E636BB6F26}.Release|Any CPU.Build.0 = Release|Any CPU
		{9C73784D-6AC4-420A-8778-DD59158FF5F7}.Debug|Any CPU.ActiveCfg = Debug|Any CPU
		{9C73784D-6AC4-420A-8778-DD59158FF5F7}.Debug|Any CPU.Build.0 = Debug|Any CPU
		{9C73784D-6AC4-420A-8778-DD59158FF5F7}.Release|Any CPU.ActiveCfg = Release|Any CPU
		{9C73784D-6AC4-420A-8778-DD59158FF5F7}.Release|Any CPU.Build.0 = Release|Any CPU
	EndGlobalSection
	GlobalSection(SolutionProperties) = preSolution
		HideSolutionNode = FALSE
	EndGlobalSection
	GlobalSection(ExtensibilityGlobals) = postSolution
		SolutionGuid = {49E3B51B-89F0-4DFF-ACD5-80856A0315E8}
	EndGlobalSection
EndGlobal
